
Microsoft Visual Studio Solution File, Format Version 12.00
# Visual Studio Version 17
VisualStudioVersion = 17.1.32319.34
MinimumVisualStudioVersion = 10.0.40219.1
Project("{FAE04EC0-301F-11D3-BF4B-00C04F79EFBC}") = "WebApplication2", "WebApplication2\WebApplication2.csproj", "{3F53B4EF-EC58-43CA-B022-F3F299FD5CAA}"
EndProject
Global
	GlobalSection(SolutionConfigurationPlatforms) = preSolution
		Debug|Any CPU = Debug|Any CPU
		Release|Any CPU = Release|Any CPU
	EndGlobalSection
	GlobalSection(ProjectConfigurationPlatforms) = postSolution
		{3F53B4EF-EC58-43CA-B022-F3F299FD5CAA}.Debug|Any CPU.ActiveCfg = Debug|Any CPU
		{3F53B4EF-EC58-43CA-B022-F3F299FD5CAA}.Debug|Any CPU.Build.0 = Debug|Any CPU
		{3F53B4EF-EC58-43CA-B022-F3F299FD5CAA}.Release|Any CPU.ActiveCfg = Release|Any CPU
		{3F53B4EF-EC58-43CA-B022-F3F299FD5CAA}.Release|Any CPU.Build.0 = Release|Any CPU
	EndGlobalSection
	GlobalSection(SolutionProperties) = preSolution
		HideSolutionNode = FALSE
	EndGlobalSection
	GlobalSection(ExtensibilityGlobals) = postSolution
		SolutionGuid = {85ACEEA0-4C88-423C-A823-D3737410489F}
	EndGlobalSection
EndGlobal
